
Microsoft Visual Studio Solution File, Format Version 12.00
# Visual Studio 15
VisualStudioVersion = 15.0.26124.0
MinimumVisualStudioVersion = 15.0.26124.0
Project("{FAE04EC0-301F-11D3-BF4B-00C04F79EFBC}") = "LogAn", "LogAn\LogAn.csproj", "{8B53EBF1-69C7-4AF4-996D-E61330D14CCE}"
EndProject
Project("{FAE04EC0-301F-11D3-BF4B-00C04F79EFBC}") = "LogAn.UnitTests", "LogAn.UnitTests\LogAn.UnitTests.csproj", "{D51E246F-104A-436D-A28A-1DE4A37C0BB5}"
EndProject
Project("{FAE04EC0-301F-11D3-BF4B-00C04F79EFBC}") = "LogAn.nUnitTests", "LogAn.nUnitTests\LogAn.nUnitTests.csproj", "{2972722B-C0D6-4589-A804-0859559D7045}"
EndProject
Project("{FAE04EC0-301F-11D3-BF4B-00C04F79EFBC}") = "MemCalculator", "MemCalculator\MemCalculator.csproj", "{BB906818-B64B-449C-89AC-1611EEF3544F}"
EndProject
Project("{FAE04EC0-301F-11D3-BF4B-00C04F79EFBC}") = "MemCalculator.UnitTests", "MemCalculator.UnitTests\MemCalculator.UnitTests.csproj", "{B7B021A8-21CC-485C-AC37-22B995DF2DCD}"
EndProject
Project("{FAE04EC0-301F-11D3-BF4B-00C04F79EFBC}") = "MemCalculator.nUnitTests", "MemCalculator.nUnitTests\MemCalculator.nUnitTests.csproj", "{ACFAC496-30D4-414B-8BC6-C3DE9C55ED46}"
EndProject
Project("{FAE04EC0-301F-11D3-BF4B-00C04F79EFBC}") = "Presenter", "Presenter\Presenter.csproj", "{AC4E41DB-C9BE-4A3E-A380-E23410295E1D}"
EndProject
Project("{FAE04EC0-301F-11D3-BF4B-00C04F79EFBC}") = "Presenter.UnitTests", "Presenter.UnitTests\Presenter.UnitTests.csproj", "{372275F8-5E6C-4E71-88D0-21C46D4CBC9E}"
EndProject
Project("{FAE04EC0-301F-11D3-BF4B-00C04F79EFBC}") = "Presenter.nUnitTests", "Presenter.nUnitTests\Presenter.nUnitTests.csproj", "{505D9C7D-D5DC-4EC3-90E5-62DE7060F677}"
EndProject
Project("{FAE04EC0-301F-11D3-BF4B-00C04F79EFBC}") = "TimeLogger", "TimeLogger\TimeLogger.csproj", "{ECB95E7E-4BAF-40C7-8417-2DB030334D77}"
EndProject
Project("{FAE04EC0-301F-11D3-BF4B-00C04F79EFBC}") = "TimeLogger.UnitTests", "TimeLogger.UnitTests\TimeLogger.UnitTests.csproj", "{419F2C64-E060-41F4-9A2C-426542F93D58}"
EndProject
Project("{FAE04EC0-301F-11D3-BF4B-00C04F79EFBC}") = "TimeLogger.nUnitTests", "TimeLogger.nUnitTests\TimeLogger.nUnitTests.csproj", "{9740DB44-37B0-40D2-B484-6D7D18FD49B7}"
EndProject
Global
	GlobalSection(SolutionConfigurationPlatforms) = preSolution
		Debug|Any CPU = Debug|Any CPU
		Debug|x64 = Debug|x64
		Debug|x86 = Debug|x86
		Release|Any CPU = Release|Any CPU
		Release|x64 = Release|x64
		Release|x86 = Release|x86
	EndGlobalSection
	GlobalSection(SolutionProperties) = preSolution
		HideSolutionNode = FALSE
	EndGlobalSection
	GlobalSection(ProjectConfigurationPlatforms) = postSolution
		{8B53EBF1-69C7-4AF4-996D-E61330D14CCE}.Debug|Any CPU.ActiveCfg = Debug|Any CPU
		{8B53EBF1-69C7-4AF4-996D-E61330D14CCE}.Debug|Any CPU.Build.0 = Debug|Any CPU
		{8B53EBF1-69C7-4AF4-996D-E61330D14CCE}.Debug|x64.ActiveCfg = Debug|Any CPU
		{8B53EBF1-69C7-4AF4-996D-E61330D14CCE}.Debug|x64.Build.0 = Debug|Any CPU
		{8B53EBF1-69C7-4AF4-996D-E61330D14CCE}.Debug|x86.ActiveCfg = Debug|Any CPU
		{8B53EBF1-69C7-4AF4-996D-E61330D14CCE}.Debug|x86.Build.0 = Debug|Any CPU
		{8B53EBF1-69C7-4AF4-996D-E61330D14CCE}.Release|Any CPU.ActiveCfg = Release|Any CPU
		{8B53EBF1-69C7-4AF4-996D-E61330D14CCE}.Release|Any CPU.Build.0 = Release|Any CPU
		{8B53EBF1-69C7-4AF4-996D-E61330D14CCE}.Release|x64.ActiveCfg = Release|Any CPU
		{8B53EBF1-69C7-4AF4-996D-E61330D14CCE}.Release|x64.Build.0 = Release|Any CPU
		{8B53EBF1-69C7-4AF4-996D-E61330D14CCE}.Release|x86.ActiveCfg = Release|Any CPU
		{8B53EBF1-69C7-4AF4-996D-E61330D14CCE}.Release|x86.Build.0 = Release|Any CPU
		{D51E246F-104A-436D-A28A-1DE4A37C0BB5}.Debug|Any CPU.ActiveCfg = Debug|Any CPU
		{D51E246F-104A-436D-A28A-1DE4A37C0BB5}.Debug|Any CPU.Build.0 = Debug|Any CPU
		{D51E246F-104A-436D-A28A-1DE4A37C0BB5}.Debug|x64.ActiveCfg = Debug|Any CPU
		{D51E246F-104A-436D-A28A-1DE4A37C0BB5}.Debug|x64.Build.0 = Debug|Any CPU
		{D51E246F-104A-436D-A28A-1DE4A37C0BB5}.Debug|x86.ActiveCfg = Debug|Any CPU
		{D51E246F-104A-436D-A28A-1DE4A37C0BB5}.Debug|x86.Build.0 = Debug|Any CPU
		{D51E246F-104A-436D-A28A-1DE4A37C0BB5}.Release|Any CPU.ActiveCfg = Release|Any CPU
		{D51E246F-104A-436D-A28A-1DE4A37C0BB5}.Release|Any CPU.Build.0 = Release|Any CPU
		{D51E246F-104A-436D-A28A-1DE4A37C0BB5}.Release|x64.ActiveCfg = Release|Any CPU
		{D51E246F-104A-436D-A28A-1DE4A37C0BB5}.Release|x64.Build.0 = Release|Any CPU
		{D51E246F-104A-436D-A28A-1DE4A37C0BB5}.Release|x86.ActiveCfg = Release|Any CPU
		{D51E246F-104A-436D-A28A-1DE4A37C0BB5}.Release|x86.Build.0 = Release|Any CPU
		{2972722B-C0D6-4589-A804-0859559D7045}.Debug|Any CPU.ActiveCfg = Debug|Any CPU
		{2972722B-C0D6-4589-A804-0859559D7045}.Debug|Any CPU.Build.0 = Debug|Any CPU
		{2972722B-C0D6-4589-A804-0859559D7045}.Debug|x64.ActiveCfg = Debug|Any CPU
		{2972722B-C0D6-4589-A804-0859559D7045}.Debug|x64.Build.0 = Debug|Any CPU
		{2972722B-C0D6-4589-A804-0859559D7045}.Debug|x86.ActiveCfg = Debug|Any CPU
		{2972722B-C0D6-4589-A804-0859559D7045}.Debug|x86.Build.0 = Debug|Any CPU
		{2972722B-C0D6-4589-A804-0859559D7045}.Release|Any CPU.ActiveCfg = Release|Any CPU
		{2972722B-C0D6-4589-A804-0859559D7045}.Release|Any CPU.Build.0 = Release|Any CPU
		{2972722B-C0D6-4589-A804-0859559D7045}.Release|x64.ActiveCfg = Release|Any CPU
		{2972722B-C0D6-4589-A804-0859559D7045}.Release|x64.Build.0 = Release|Any CPU
		{2972722B-C0D6-4589-A804-0859559D7045}.Release|x86.ActiveCfg = Release|Any CPU
		{2972722B-C0D6-4589-A804-0859559D7045}.Release|x86.Build.0 = Release|Any CPU
		{BB906818-B64B-449C-89AC-1611EEF3544F}.Debug|Any CPU.ActiveCfg = Debug|Any CPU
		{BB906818-B64B-449C-89AC-1611EEF3544F}.Debug|Any CPU.Build.0 = Debug|Any CPU
		{BB906818-B64B-449C-89AC-1611EEF3544F}.Debug|x64.ActiveCfg = Debug|Any CPU
		{BB906818-B64B-449C-89AC-1611EEF3544F}.Debug|x64.Build.0 = Debug|Any CPU
		{BB906818-B64B-449C-89AC-1611EEF3544F}.Debug|x86.ActiveCfg = Debug|Any CPU
		{BB906818-B64B-449C-89AC-1611EEF3544F}.Debug|x86.Build.0 = Debug|Any CPU
		{BB906818-B64B-449C-89AC-1611EEF3544F}.Release|Any CPU.ActiveCfg = Release|Any CPU
		{BB906818-B64B-449C-89AC-1611EEF3544F}.Release|Any CPU.Build.0 = Release|Any CPU
		{BB906818-B64B-449C-89AC-1611EEF3544F}.Release|x64.ActiveCfg = Release|Any CPU
		{BB906818-B64B-449C-89AC-1611EEF3544F}.Release|x64.Build.0 = Release|Any CPU
		{BB906818-B64B-449C-89AC-1611EEF3544F}.Release|x86.ActiveCfg = Release|Any CPU
		{BB906818-B64B-449C-89AC-1611EEF3544F}.Release|x86.Build.0 = Release|Any CPU
		{B7B021A8-21CC-485C-AC37-22B995DF2DCD}.Debug|Any CPU.ActiveCfg = Debug|Any CPU
		{B7B021A8-21CC-485C-AC37-22B995DF2DCD}.Debug|Any CPU.Build.0 = Debug|Any CPU
		{B7B021A8-21CC-485C-AC37-22B995DF2DCD}.Debug|x64.ActiveCfg = Debug|Any CPU
		{B7B021A8-21CC-485C-AC37-22B995DF2DCD}.Debug|x64.Build.0 = Debug|Any CPU
		{B7B021A8-21CC-485C-AC37-22B995DF2DCD}.Debug|x86.ActiveCfg = Debug|Any CPU
		{B7B021A8-21CC-485C-AC37-22B995DF2DCD}.Debug|x86.Build.0 = Debug|Any CPU
		{B7B021A8-21CC-485C-AC37-22B995DF2DCD}.Release|Any CPU.ActiveCfg = Release|Any CPU
		{B7B021A8-21CC-485C-AC37-22B995DF2DCD}.Release|Any CPU.Build.0 = Release|Any CPU
		{B7B021A8-21CC-485C-AC37-22B995DF2DCD}.Release|x64.ActiveCfg = Release|Any CPU
		{B7B021A8-21CC-485C-AC37-22B995DF2DCD}.Release|x64.Build.0 = Release|Any CPU
		{B7B021A8-21CC-485C-AC37-22B995DF2DCD}.Release|x86.ActiveCfg = Release|Any CPU
		{B7B021A8-21CC-485C-AC37-22B995DF2DCD}.Release|x86.Build.0 = Release|Any CPU
		{ACFAC496-30D4-414B-8BC6-C3DE9C55ED46}.Debug|Any CPU.ActiveCfg = Debug|Any CPU
		{ACFAC496-30D4-414B-8BC6-C3DE9C55ED46}.Debug|Any CPU.Build.0 = Debug|Any CPU
		{ACFAC496-30D4-414B-8BC6-C3DE9C55ED46}.Debug|x64.ActiveCfg = Debug|Any CPU
		{ACFAC496-30D4-414B-8BC6-C3DE9C55ED46}.Debug|x64.Build.0 = Debug|Any CPU
		{ACFAC496-30D4-414B-8BC6-C3DE9C55ED46}.Debug|x86.ActiveCfg = Debug|Any CPU
		{ACFAC496-30D4-414B-8BC6-C3DE9C55ED46}.Debug|x86.Build.0 = Debug|Any CPU
		{ACFAC496-30D4-414B-8BC6-C3DE9C55ED46}.Release|Any CPU.ActiveCfg = Release|Any CPU
		{ACFAC496-30D4-414B-8BC6-C3DE9C55ED46}.Release|Any CPU.Build.0 = Release|Any CPU
		{ACFAC496-30D4-414B-8BC6-C3DE9C55ED46}.Release|x64.ActiveCfg = Release|Any CPU
		{ACFAC496-30D4-414B-8BC6-C3DE9C55ED46}.Release|x64.Build.0 = Release|Any CPU
		{ACFAC496-30D4-414B-8BC6-C3DE9C55ED46}.Release|x86.ActiveCfg = Release|Any CPU
		{ACFAC496-30D4-414B-8BC6-C3DE9C55ED46}.Release|x86.Build.0 = Release|Any CPU
		{AC4E41DB-C9BE-4A3E-A380-E23410295E1D}.Debug|Any CPU.ActiveCfg = Debug|Any CPU
		{AC4E41DB-C9BE-4A3E-A380-E23410295E1D}.Debug|Any CPU.Build.0 = Debug|Any CPU
		{AC4E41DB-C9BE-4A3E-A380-E23410295E1D}.Debug|x64.ActiveCfg = Debug|Any CPU
		{AC4E41DB-C9BE-4A3E-A380-E23410295E1D}.Debug|x64.Build.0 = Debug|Any CPU
		{AC4E41DB-C9BE-4A3E-A380-E23410295E1D}.Debug|x86.ActiveCfg = Debug|Any CPU
		{AC4E41DB-C9BE-4A3E-A380-E23410295E1D}.Debug|x86.Build.0 = Debug|Any CPU
		{AC4E41DB-C9BE-4A3E-A380-E23410295E1D}.Release|Any CPU.ActiveCfg = Release|Any CPU
		{AC4E41DB-C9BE-4A3E-A380-E23410295E1D}.Release|Any CPU.Build.0 = Release|Any CPU
		{AC4E41DB-C9BE-4A3E-A380-E23410295E1D}.Release|x64.ActiveCfg = Release|Any CPU
		{AC4E41DB-C9BE-4A3E-A380-E23410295E1D}.Release|x64.Build.0 = Release|Any CPU
		{AC4E41DB-C9BE-4A3E-A380-E23410295E1D}.Release|x86.ActiveCfg = Release|Any CPU
		{AC4E41DB-C9BE-4A3E-A380-E23410295E1D}.Release|x86.Build.0 = Release|Any CPU
		{372275F8-5E6C-4E71-88D0-21C46D4CBC9E}.Debug|Any CPU.ActiveCfg = Debug|Any CPU
		{372275F8-5E6C-4E71-88D0-21C46D4CBC9E}.Debug|Any CPU.Build.0 = Debug|Any CPU
		{372275F8-5E6C-4E71-88D0-21C46D4CBC9E}.Debug|x64.ActiveCfg = Debug|Any CPU
		{372275F8-5E6C-4E71-88D0-21C46D4CBC9E}.Debug|x64.Build.0 = Debug|Any CPU
		{372275F8-5E6C-4E71-88D0-21C46D4CBC9E}.Debug|x86.ActiveCfg = Debug|Any CPU
		{372275F8-5E6C-4E71-88D0-21C46D4CBC9E}.Debug|x86.Build.0 = Debug|Any CPU
		{372275F8-5E6C-4E71-88D0-21C46D4CBC9E}.Release|Any CPU.ActiveCfg = Release|Any CPU
		{372275F8-5E6C-4E71-88D0-21C46D4CBC9E}.Release|Any CPU.Build.0 = Release|Any CPU
		{372275F8-5E6C-4E71-88D0-21C46D4CBC9E}.Release|x64.ActiveCfg = Release|Any CPU
		{372275F8-5E6C-4E71-88D0-21C46D4CBC9E}.Release|x64.Build.0 = Release|Any CPU
		{372275F8-5E6C-4E71-88D0-21C46D4CBC9E}.Release|x86.ActiveCfg = Release|Any CPU
		{372275F8-5E6C-4E71-88D0-21C46D4CBC9E}.Release|x86.Build.0 = Release|Any CPU
		{505D9C7D-D5DC-4EC3-90E5-62DE7060F677}.Debug|Any CPU.ActiveCfg = Debug|Any CPU
		{505D9C7D-D5DC-4EC3-90E5-62DE7060F677}.Debug|Any CPU.Build.0 = Debug|Any CPU
		{505D9C7D-D5DC-4EC3-90E5-62DE7060F677}.Debug|x64.ActiveCfg = Debug|Any CPU
		{505D9C7D-D5DC-4EC3-90E5-62DE7060F677}.Debug|x64.Build.0 = Debug|Any CPU
		{505D9C7D-D5DC-4EC3-90E5-62DE7060F677}.Debug|x86.ActiveCfg = Debug|Any CPU
		{505D9C7D-D5DC-4EC3-90E5-62DE7060F677}.Debug|x86.Build.0 = Debug|Any CPU
		{505D9C7D-D5DC-4EC3-90E5-62DE7060F677}.Release|Any CPU.ActiveCfg = Release|Any CPU
		{505D9C7D-D5DC-4EC3-90E5-62DE7060F677}.Release|Any CPU.Build.0 = Release|Any CPU
		{505D9C7D-D5DC-4EC3-90E5-62DE7060F677}.Release|x64.ActiveCfg = Release|Any CPU
		{505D9C7D-D5DC-4EC3-90E5-62DE7060F677}.Release|x64.Build.0 = Release|Any CPU
		{505D9C7D-D5DC-4EC3-90E5-62DE7060F677}.Release|x86.ActiveCfg = Release|Any CPU
		{505D9C7D-D5DC-4EC3-90E5-62DE7060F677}.Release|x86.Build.0 = Release|Any CPU
		{ECB95E7E-4BAF-40C7-8417-2DB030334D77}.Debug|Any CPU.ActiveCfg = Debug|Any CPU
		{ECB95E7E-4BAF-40C7-8417-2DB030334D77}.Debug|Any CPU.Build.0 = Debug|Any CPU
		{ECB95E7E-4BAF-40C7-8417-2DB030334D77}.Debug|x64.ActiveCfg = Debug|Any CPU
		{ECB95E7E-4BAF-40C7-8417-2DB030334D77}.Debug|x64.Build.0 = Debug|Any CPU
		{ECB95E7E-4BAF-40C7-8417-2DB030334D77}.Debug|x86.ActiveCfg = Debug|Any CPU
		{ECB95E7E-4BAF-40C7-8417-2DB030334D77}.Debug|x86.Build.0 = Debug|Any CPU
		{ECB95E7E-4BAF-40C7-8417-2DB030334D77}.Release|Any CPU.ActiveCfg = Release|Any CPU
		{ECB95E7E-4BAF-40C7-8417-2DB030334D77}.Release|Any CPU.Build.0 = Release|Any CPU
		{ECB95E7E-4BAF-40C7-8417-2DB030334D77}.Release|x64.ActiveCfg = Release|Any CPU
		{ECB95E7E-4BAF-40C7-8417-2DB030334D77}.Release|x64.Build.0 = Release|Any CPU
		{ECB95E7E-4BAF-40C7-8417-2DB030334D77}.Release|x86.ActiveCfg = Release|Any CPU
		{ECB95E7E-4BAF-40C7-8417-2DB030334D77}.Release|x86.Build.0 = Release|Any CPU
		{419F2C64-E060-41F4-9A2C-426542F93D58}.Debug|Any CPU.ActiveCfg = Debug|Any CPU
		{419F2C64-E060-41F4-9A2C-426542F93D58}.Debug|Any CPU.Build.0 = Debug|Any CPU
		{419F2C64-E060-41F4-9A2C-426542F93D58}.Debug|x64.ActiveCfg = Debug|Any CPU
		{419F2C64-E060-41F4-9A2C-426542F93D58}.Debug|x64.Build.0 = Debug|Any CPU
		{419F2C64-E060-41F4-9A2C-426542F93D58}.Debug|x86.ActiveCfg = Debug|Any CPU
		{419F2C64-E060-41F4-9A2C-426542F93D58}.Debug|x86.Build.0 = Debug|Any CPU
		{419F2C64-E060-41F4-9A2C-426542F93D58}.Release|Any CPU.ActiveCfg = Release|Any CPU
		{419F2C64-E060-41F4-9A2C-426542F93D58}.Release|Any CPU.Build.0 = Release|Any CPU
		{419F2C64-E060-41F4-9A2C-426542F93D58}.Release|x64.ActiveCfg = Release|Any CPU
		{419F2C64-E060-41F4-9A2C-426542F93D58}.Release|x64.Build.0 = Release|Any CPU
		{419F2C64-E060-41F4-9A2C-426542F93D58}.Release|x86.ActiveCfg = Release|Any CPU
		{419F2C64-E060-41F4-9A2C-426542F93D58}.Release|x86.Build.0 = Release|Any CPU
		{9740DB44-37B0-40D2-B484-6D7D18FD49B7}.Debug|Any CPU.ActiveCfg = Debug|Any CPU
		{9740DB44-37B0-40D2-B484-6D7D18FD49B7}.Debug|Any CPU.Build.0 = Debug|Any CPU
		{9740DB44-37B0-40D2-B484-6D7D18FD49B7}.Debug|x64.ActiveCfg = Debug|Any CPU
		{9740DB44-37B0-40D2-B484-6D7D18FD49B7}.Debug|x64.Build.0 = Debug|Any CPU
		{9740DB44-37B0-40D2-B484-6D7D18FD49B7}.Debug|x86.ActiveCfg = Debug|Any CPU
		{9740DB44-37B0-40D2-B484-6D7D18FD49B7}.Debug|x86.Build.0 = Debug|Any CPU
		{9740DB44-37B0-40D2-B484-6D7D18FD49B7}.Release|Any CPU.ActiveCfg = Release|Any CPU
		{9740DB44-37B0-40D2-B484-6D7D18FD49B7}.Release|Any CPU.Build.0 = Release|Any CPU
		{9740DB44-37B0-40D2-B484-6D7D18FD49B7}.Release|x64.ActiveCfg = Release|Any CPU
		{9740DB44-37B0-40D2-B484-6D7D18FD49B7}.Release|x64.Build.0 = Release|Any CPU
		{9740DB44-37B0-40D2-B484-6D7D18FD49B7}.Release|x86.ActiveCfg = Release|Any CPU
		{9740DB44-37B0-40D2-B484-6D7D18FD49B7}.Release|x86.Build.0 = Release|Any CPU
	EndGlobalSection
EndGlobal
