
Microsoft Visual Studio Solution File, Format Version 12.00
# Visual Studio 15
VisualStudioVersion = 15.0.26124.0
MinimumVisualStudioVersion = 15.0.26124.0
Project("{FAE04EC0-301F-11D3-BF4B-00C04F79EFBC}") = "LogAn", "LogAn\LogAn.csproj", "{8B53EBF1-69C7-4AF4-996D-E61330D14CCE}"
EndProject
Project("{FAE04EC0-301F-11D3-BF4B-00C04F79EFBC}") = "LogAn.UnitTests", "LogAn.UnitTests\LogAn.UnitTests.csproj", "{D51E246F-104A-436D-A28A-1DE4A37C0BB5}"
EndProject
Project("{FAE04EC0-301F-11D3-BF4B-00C04F79EFBC}") = "LogAn.nUnitTests", "LogAn.nUnitTests\LogAn.nUnitTests.csproj", "{2972722B-C0D6-4589-A804-0859559D7045}"
EndProject
Project("{FAE04EC0-301F-11D3-BF4B-00C04F79EFBC}") = "MemCalculator", "MemCalculator\MemCalculator.csproj", "{BB906818-B64B-449C-89AC-1611EEF3544F}"
EndProject
Project("{FAE04EC0-301F-11D3-BF4B-00C04F79EFBC}") = "MemCalculator.UnitTests", "MemCalculator.UnitTests\MemCalculator.UnitTests.csproj", "{B7B021A8-21CC-485C-AC37-22B995DF2DCD}"
EndProject
Project("{FAE04EC0-301F-11D3-BF4B-00C04F79EFBC}") = "MemCalculator.nUnitTests", "MemCalculator.nUnitTests\MemCalculator.nUnitTests.csproj", "{ACFAC496-30D4-414B-8BC6-C3DE9C55ED46}"
EndProject
Global
	GlobalSection(SolutionConfigurationPlatforms) = preSolution
		Debug|Any CPU = Debug|Any CPU
		Debug|x64 = Debug|x64
		Debug|x86 = Debug|x86
		Release|Any CPU = Release|Any CPU
		Release|x64 = Release|x64
		Release|x86 = Release|x86
	EndGlobalSection
	GlobalSection(SolutionProperties) = preSolution
		HideSolutionNode = FALSE
	EndGlobalSection
	GlobalSection(ProjectConfigurationPlatforms) = postSolution
		{8B53EBF1-69C7-4AF4-996D-E61330D14CCE}.Debug|Any CPU.ActiveCfg = Debug|Any CPU
		{8B53EBF1-69C7-4AF4-996D-E61330D14CCE}.Debug|Any CPU.Build.0 = Debug|Any CPU
		{8B53EBF1-69C7-4AF4-996D-E61330D14CCE}.Debug|x64.ActiveCfg = Debug|Any CPU
		{8B53EBF1-69C7-4AF4-996D-E61330D14CCE}.Debug|x64.Build.0 = Debug|Any CPU
		{8B53EBF1-69C7-4AF4-996D-E61330D14CCE}.Debug|x86.ActiveCfg = Debug|Any CPU
		{8B53EBF1-69C7-4AF4-996D-E61330D14CCE}.Debug|x86.Build.0 = Debug|Any CPU
		{8B53EBF1-69C7-4AF4-996D-E61330D14CCE}.Release|Any CPU.ActiveCfg = Release|Any CPU
		{8B53EBF1-69C7-4AF4-996D-E61330D14CCE}.Release|Any CPU.Build.0 = Release|Any CPU
		{8B53EBF1-69C7-4AF4-996D-E61330D14CCE}.Release|x64.ActiveCfg = Release|Any CPU
		{8B53EBF1-69C7-4AF4-996D-E61330D14CCE}.Release|x64.Build.0 = Release|Any CPU
		{8B53EBF1-69C7-4AF4-996D-E61330D14CCE}.Release|x86.ActiveCfg = Release|Any CPU
		{8B53EBF1-69C7-4AF4-996D-E61330D14CCE}.Release|x86.Build.0 = Release|Any CPU
		{D51E246F-104A-436D-A28A-1DE4A37C0BB5}.Debug|Any CPU.ActiveCfg = Debug|Any CPU
		{D51E246F-104A-436D-A28A-1DE4A37C0BB5}.Debug|Any CPU.Build.0 = Debug|Any CPU
		{D51E246F-104A-436D-A28A-1DE4A37C0BB5}.Debug|x64.ActiveCfg = Debug|Any CPU
		{D51E246F-104A-436D-A28A-1DE4A37C0BB5}.Debug|x64.Build.0 = Debug|Any CPU
		{D51E246F-104A-436D-A28A-1DE4A37C0BB5}.Debug|x86.ActiveCfg = Debug|Any CPU
		{D51E246F-104A-436D-A28A-1DE4A37C0BB5}.Debug|x86.Build.0 = Debug|Any CPU
		{D51E246F-104A-436D-A28A-1DE4A37C0BB5}.Release|Any CPU.ActiveCfg = Release|Any CPU
		{D51E246F-104A-436D-A28A-1DE4A37C0BB5}.Release|Any CPU.Build.0 = Release|Any CPU
		{D51E246F-104A-436D-A28A-1DE4A37C0BB5}.Release|x64.ActiveCfg = Release|Any CPU
		{D51E246F-104A-436D-A28A-1DE4A37C0BB5}.Release|x64.Build.0 = Release|Any CPU
		{D51E246F-104A-436D-A28A-1DE4A37C0BB5}.Release|x86.ActiveCfg = Release|Any CPU
		{D51E246F-104A-436D-A28A-1DE4A37C0BB5}.Release|x86.Build.0 = Release|Any CPU
		{2972722B-C0D6-4589-A804-0859559D7045}.Debug|Any CPU.ActiveCfg = Debug|Any CPU
		{2972722B-C0D6-4589-A804-0859559D7045}.Debug|Any CPU.Build.0 = Debug|Any CPU
		{2972722B-C0D6-4589-A804-0859559D7045}.Debug|x64.ActiveCfg = Debug|Any CPU
		{2972722B-C0D6-4589-A804-0859559D7045}.Debug|x64.Build.0 = Debug|Any CPU
		{2972722B-C0D6-4589-A804-0859559D7045}.Debug|x86.ActiveCfg = Debug|Any CPU
		{2972722B-C0D6-4589-A804-0859559D7045}.Debug|x86.Build.0 = Debug|Any CPU
		{2972722B-C0D6-4589-A804-0859559D7045}.Release|Any CPU.ActiveCfg = Release|Any CPU
		{2972722B-C0D6-4589-A804-0859559D7045}.Release|Any CPU.Build.0 = Release|Any CPU
		{2972722B-C0D6-4589-A804-0859559D7045}.Release|x64.ActiveCfg = Release|Any CPU
		{2972722B-C0D6-4589-A804-0859559D7045}.Release|x64.Build.0 = Release|Any CPU
		{2972722B-C0D6-4589-A804-0859559D7045}.Release|x86.ActiveCfg = Release|Any CPU
		{2972722B-C0D6-4589-A804-0859559D7045}.Release|x86.Build.0 = Release|Any CPU
		{BB906818-B64B-449C-89AC-1611EEF3544F}.Debug|Any CPU.ActiveCfg = Debug|Any CPU
		{BB906818-B64B-449C-89AC-1611EEF3544F}.Debug|Any CPU.Build.0 = Debug|Any CPU
		{BB906818-B64B-449C-89AC-1611EEF3544F}.Debug|x64.ActiveCfg = Debug|Any CPU
		{BB906818-B64B-449C-89AC-1611EEF3544F}.Debug|x64.Build.0 = Debug|Any CPU
		{BB906818-B64B-449C-89AC-1611EEF3544F}.Debug|x86.ActiveCfg = Debug|Any CPU
		{BB906818-B64B-449C-89AC-1611EEF3544F}.Debug|x86.Build.0 = Debug|Any CPU
		{BB906818-B64B-449C-89AC-1611EEF3544F}.Release|Any CPU.ActiveCfg = Release|Any CPU
		{BB906818-B64B-449C-89AC-1611EEF3544F}.Release|Any CPU.Build.0 = Release|Any CPU
		{BB906818-B64B-449C-89AC-1611EEF3544F}.Release|x64.ActiveCfg = Release|Any CPU
		{BB906818-B64B-449C-89AC-1611EEF3544F}.Release|x64.Build.0 = Release|Any CPU
		{BB906818-B64B-449C-89AC-1611EEF3544F}.Release|x86.ActiveCfg = Release|Any CPU
		{BB906818-B64B-449C-89AC-1611EEF3544F}.Release|x86.Build.0 = Release|Any CPU
		{B7B021A8-21CC-485C-AC37-22B995DF2DCD}.Debug|Any CPU.ActiveCfg = Debug|Any CPU
		{B7B021A8-21CC-485C-AC37-22B995DF2DCD}.Debug|Any CPU.Build.0 = Debug|Any CPU
		{B7B021A8-21CC-485C-AC37-22B995DF2DCD}.Debug|x64.ActiveCfg = Debug|Any CPU
		{B7B021A8-21CC-485C-AC37-22B995DF2DCD}.Debug|x64.Build.0 = Debug|Any CPU
		{B7B021A8-21CC-485C-AC37-22B995DF2DCD}.Debug|x86.ActiveCfg = Debug|Any CPU
		{B7B021A8-21CC-485C-AC37-22B995DF2DCD}.Debug|x86.Build.0 = Debug|Any CPU
		{B7B021A8-21CC-485C-AC37-22B995DF2DCD}.Release|Any CPU.ActiveCfg = Release|Any CPU
		{B7B021A8-21CC-485C-AC37-22B995DF2DCD}.Release|Any CPU.Build.0 = Release|Any CPU
		{B7B021A8-21CC-485C-AC37-22B995DF2DCD}.Release|x64.ActiveCfg = Release|Any CPU
		{B7B021A8-21CC-485C-AC37-22B995DF2DCD}.Release|x64.Build.0 = Release|Any CPU
		{B7B021A8-21CC-485C-AC37-22B995DF2DCD}.Release|x86.ActiveCfg = Release|Any CPU
		{B7B021A8-21CC-485C-AC37-22B995DF2DCD}.Release|x86.Build.0 = Release|Any CPU
		{ACFAC496-30D4-414B-8BC6-C3DE9C55ED46}.Debug|Any CPU.ActiveCfg = Debug|Any CPU
		{ACFAC496-30D4-414B-8BC6-C3DE9C55ED46}.Debug|Any CPU.Build.0 = Debug|Any CPU
		{ACFAC496-30D4-414B-8BC6-C3DE9C55ED46}.Debug|x64.ActiveCfg = Debug|Any CPU
		{ACFAC496-30D4-414B-8BC6-C3DE9C55ED46}.Debug|x64.Build.0 = Debug|Any CPU
		{ACFAC496-30D4-414B-8BC6-C3DE9C55ED46}.Debug|x86.ActiveCfg = Debug|Any CPU
		{ACFAC496-30D4-414B-8BC6-C3DE9C55ED46}.Debug|x86.Build.0 = Debug|Any CPU
		{ACFAC496-30D4-414B-8BC6-C3DE9C55ED46}.Release|Any CPU.ActiveCfg = Release|Any CPU
		{ACFAC496-30D4-414B-8BC6-C3DE9C55ED46}.Release|Any CPU.Build.0 = Release|Any CPU
		{ACFAC496-30D4-414B-8BC6-C3DE9C55ED46}.Release|x64.ActiveCfg = Release|Any CPU
		{ACFAC496-30D4-414B-8BC6-C3DE9C55ED46}.Release|x64.Build.0 = Release|Any CPU
		{ACFAC496-30D4-414B-8BC6-C3DE9C55ED46}.Release|x86.ActiveCfg = Release|Any CPU
		{ACFAC496-30D4-414B-8BC6-C3DE9C55ED46}.Release|x86.Build.0 = Release|Any CPU
	EndGlobalSection
EndGlobal
